
Microsoft Visual Studio Solution File, Format Version 12.00
# Visual Studio 15
VisualStudioVersion = 15.0.27130.2026
MinimumVisualStudioVersion = 10.0.40219.1
Project("{FAE04EC0-301F-11D3-BF4B-00C04F79EFBC}") = "BriefAssistant", "BriefAssistant\BriefAssistant.csproj", "{1B7AC756-01BD-4405-8318-4D63D7403491}"
EndProject
Project("{9A19103F-16F7-4668-BE54-9A1E7A4F7556}") = "BriefAssistant.Tests", "BriefAssistant.Tests\BriefAssistant.Tests.csproj", "{AFA558B1-3F90-475C-885F-B4B9B660AAF6}"
EndProject
Project("{E53339B2-1760-4266-BCC7-CA923CBCF16C}") = "docker-compose", "docker-compose.dcproj", "{96F4C0A1-2771-483F-B073-FC372360FF8A}"
EndProject
Global
	GlobalSection(SolutionConfigurationPlatforms) = preSolution
		Debug|Any CPU = Debug|Any CPU
		Release|Any CPU = Release|Any CPU
	EndGlobalSection
	GlobalSection(ProjectConfigurationPlatforms) = postSolution
		{7390D2CF-EE3D-466B-B0A2-71C6AA415EDD}.Debug|Any CPU.ActiveCfg = Debug|Any CPU
		{7390D2CF-EE3D-466B-B0A2-71C6AA415EDD}.Debug|Any CPU.Build.0 = Debug|Any CPU
		{7390D2CF-EE3D-466B-B0A2-71C6AA415EDD}.Release|Any CPU.ActiveCfg = Release|Any CPU
		{7390D2CF-EE3D-466B-B0A2-71C6AA415EDD}.Release|Any CPU.Build.0 = Release|Any CPU
		{AFA558B1-3F90-475C-885F-B4B9B660AAF6}.Debug|Any CPU.ActiveCfg = Debug|Any CPU
		{AFA558B1-3F90-475C-885F-B4B9B660AAF6}.Debug|Any CPU.Build.0 = Debug|Any CPU
		{AFA558B1-3F90-475C-885F-B4B9B660AAF6}.Release|Any CPU.ActiveCfg = Release|Any CPU
		{AFA558B1-3F90-475C-885F-B4B9B660AAF6}.Release|Any CPU.Build.0 = Release|Any CPU
		{96F4C0A1-2771-483F-B073-FC372360FF8A}.Debug|Any CPU.ActiveCfg = Debug|Any CPU
		{96F4C0A1-2771-483F-B073-FC372360FF8A}.Debug|Any CPU.Build.0 = Debug|Any CPU
		{96F4C0A1-2771-483F-B073-FC372360FF8A}.Release|Any CPU.ActiveCfg = Release|Any CPU
		{96F4C0A1-2771-483F-B073-FC372360FF8A}.Release|Any CPU.Build.0 = Release|Any CPU
	EndGlobalSection
	GlobalSection(SolutionProperties) = preSolution
		HideSolutionNode = FALSE
	EndGlobalSection
	GlobalSection(ExtensibilityGlobals) = postSolution
		SolutionGuid = {DEED4B82-4E29-4E5B-8075-3592E2D1CCC2}
	EndGlobalSection
EndGlobal
